
Microsoft Visual Studio Solution File, Format Version 12.00
# Visual Studio Version 17
VisualStudioVersion = 17.11.35312.102
MinimumVisualStudioVersion = 10.0.40219.1
Project("{FAE04EC0-301F-11D3-BF4B-00C04F79EFBC}") = "Beast", "Beast\Beast.csproj", "{A26D8174-0BCD-4503-8B49-D94A450E289D}"
EndProject
Global
	GlobalSection(SolutionConfigurationPlatforms) = preSolution
		Debug|Any CPU = Debug|Any CPU
		Release|Any CPU = Release|Any CPU
	EndGlobalSection
	GlobalSection(ProjectConfigurationPlatforms) = postSolution
		{A26D8174-0BCD-4503-8B49-D94A450E289D}.Debug|Any CPU.ActiveCfg = Debug|Any CPU
		{A26D8174-0BCD-4503-8B49-D94A450E289D}.Debug|Any CPU.Build.0 = Debug|Any CPU
		{A26D8174-0BCD-4503-8B49-D94A450E289D}.Release|Any CPU.ActiveCfg = Release|Any CPU
		{A26D8174-0BCD-4503-8B49-D94A450E289D}.Release|Any CPU.Build.0 = Release|Any CPU
	EndGlobalSection
	GlobalSection(SolutionProperties) = preSolution
		HideSolutionNode = FALSE
	EndGlobalSection
	GlobalSection(ExtensibilityGlobals) = postSolution
		SolutionGuid = {4A1FAB78-2B78-4733-AF64-45AE99FEBE6A}
	EndGlobalSection
EndGlobal
