
Microsoft Visual Studio Solution File, Format Version 12.00
# Visual Studio Version 17
VisualStudioVersion = 17.11.35312.102
MinimumVisualStudioVersion = 10.0.40219.1
Project("{FAE04EC0-301F-11D3-BF4B-00C04F79EFBC}") = "rpg_souboj", "rpg_souboj\rpg_souboj.csproj", "{B3ACF4E2-CAD5-49A6-A7F7-B2A7E94E3B61}"
EndProject
Global
	GlobalSection(SolutionConfigurationPlatforms) = preSolution
		Debug|Any CPU = Debug|Any CPU
		Release|Any CPU = Release|Any CPU
	EndGlobalSection
	GlobalSection(ProjectConfigurationPlatforms) = postSolution
		{B3ACF4E2-CAD5-49A6-A7F7-B2A7E94E3B61}.Debug|Any CPU.ActiveCfg = Debug|Any CPU
		{B3ACF4E2-CAD5-49A6-A7F7-B2A7E94E3B61}.Debug|Any CPU.Build.0 = Debug|Any CPU
		{B3ACF4E2-CAD5-49A6-A7F7-B2A7E94E3B61}.Release|Any CPU.ActiveCfg = Release|Any CPU
		{B3ACF4E2-CAD5-49A6-A7F7-B2A7E94E3B61}.Release|Any CPU.Build.0 = Release|Any CPU
	EndGlobalSection
	GlobalSection(SolutionProperties) = preSolution
		HideSolutionNode = FALSE
	EndGlobalSection
	GlobalSection(ExtensibilityGlobals) = postSolution
		SolutionGuid = {F165A3AD-D56A-4F1B-8D3D-49D51ABB5FDB}
	EndGlobalSection
EndGlobal
